
Microsoft Visual Studio Solution File, Format Version 12.00
# Visual Studio Version 16
VisualStudioVersion = 16.0.32002.261
MinimumVisualStudioVersion = 10.0.40219.1
Project("{FAE04EC0-301F-11D3-BF4B-00C04F79EFBC}") = "MatrixGrid", "MatrixGrid.csproj", "{C16F0572-B345-46C7-97CE-CFE0AE58808E}"
EndProject
Global
	GlobalSection(SolutionConfigurationPlatforms) = preSolution
		Debug|Any CPU = Debug|Any CPU
		Release|Any CPU = Release|Any CPU
	EndGlobalSection
	GlobalSection(ProjectConfigurationPlatforms) = postSolution
		{C16F0572-B345-46C7-97CE-CFE0AE58808E}.Debug|Any CPU.ActiveCfg = Debug|Any CPU
		{C16F0572-B345-46C7-97CE-CFE0AE58808E}.Debug|Any CPU.Build.0 = Debug|Any CPU
		{C16F0572-B345-46C7-97CE-CFE0AE58808E}.Release|Any CPU.ActiveCfg = Release|Any CPU
		{C16F0572-B345-46C7-97CE-CFE0AE58808E}.Release|Any CPU.Build.0 = Release|Any CPU
	EndGlobalSection
	GlobalSection(SolutionProperties) = preSolution
		HideSolutionNode = FALSE
	EndGlobalSection
	GlobalSection(ExtensibilityGlobals) = postSolution
		SolutionGuid = {8030F239-9006-4D92-9884-28E7DBF9C89C}
	EndGlobalSection
EndGlobal
