
Microsoft Visual Studio Solution File, Format Version 12.00
# Visual Studio Version 16
VisualStudioVersion = 16.0.32002.261
MinimumVisualStudioVersion = 10.0.40219.1
Project("{FAE04EC0-301F-11D3-BF4B-00C04F79EFBC}") = "SimpleInterestApp.Android", "SimpleInterestApp.Android\SimpleInterestApp.Android.csproj", "{4D4C1644-B149-48DB-961E-2F066F887D49}"
EndProject
Project("{FAE04EC0-301F-11D3-BF4B-00C04F79EFBC}") = "SimpleInterestApp.iOS", "SimpleInterestApp.iOS\SimpleInterestApp.iOS.csproj", "{92FF0CB7-A1D7-4E99-859D-1DFEA375DEA9}"
EndProject
Project("{FAE04EC0-301F-11D3-BF4B-00C04F79EFBC}") = "SimpleInterestApp", "SimpleInterestApp\SimpleInterestApp.csproj", "{A6D2EC92-D019-4244-A5A1-EC4D959F7188}"
EndProject
Global
	GlobalSection(SolutionConfigurationPlatforms) = preSolution
		Debug|Any CPU = Debug|Any CPU
		Debug|iPhone = Debug|iPhone
		Debug|iPhoneSimulator = Debug|iPhoneSimulator
		Release|Any CPU = Release|Any CPU
		Release|iPhone = Release|iPhone
		Release|iPhoneSimulator = Release|iPhoneSimulator
	EndGlobalSection
	GlobalSection(ProjectConfigurationPlatforms) = postSolution
		{4D4C1644-B149-48DB-961E-2F066F887D49}.Debug|Any CPU.ActiveCfg = Debug|Any CPU
		{4D4C1644-B149-48DB-961E-2F066F887D49}.Debug|Any CPU.Build.0 = Debug|Any CPU
		{4D4C1644-B149-48DB-961E-2F066F887D49}.Debug|Any CPU.Deploy.0 = Debug|Any CPU
		{4D4C1644-B149-48DB-961E-2F066F887D49}.Debug|iPhone.ActiveCfg = Debug|Any CPU
		{4D4C1644-B149-48DB-961E-2F066F887D49}.Debug|iPhone.Build.0 = Debug|Any CPU
		{4D4C1644-B149-48DB-961E-2F066F887D49}.Debug|iPhone.Deploy.0 = Debug|Any CPU
		{4D4C1644-B149-48DB-961E-2F066F887D49}.Debug|iPhoneSimulator.ActiveCfg = Debug|Any CPU
		{4D4C1644-B149-48DB-961E-2F066F887D49}.Debug|iPhoneSimulator.Build.0 = Debug|Any CPU
		{4D4C1644-B149-48DB-961E-2F066F887D49}.Debug|iPhoneSimulator.Deploy.0 = Debug|Any CPU
		{4D4C1644-B149-48DB-961E-2F066F887D49}.Release|Any CPU.ActiveCfg = Release|Any CPU
		{4D4C1644-B149-48DB-961E-2F066F887D49}.Release|Any CPU.Build.0 = Release|Any CPU
		{4D4C1644-B149-48DB-961E-2F066F887D49}.Release|Any CPU.Deploy.0 = Release|Any CPU
		{4D4C1644-B149-48DB-961E-2F066F887D49}.Release|iPhone.ActiveCfg = Release|Any CPU
		{4D4C1644-B149-48DB-961E-2F066F887D49}.Release|iPhone.Build.0 = Release|Any CPU
		{4D4C1644-B149-48DB-961E-2F066F887D49}.Release|iPhone.Deploy.0 = Release|Any CPU
		{4D4C1644-B149-48DB-961E-2F066F887D49}.Release|iPhoneSimulator.ActiveCfg = Release|Any CPU
		{4D4C1644-B149-48DB-961E-2F066F887D49}.Release|iPhoneSimulator.Build.0 = Release|Any CPU
		{4D4C1644-B149-48DB-961E-2F066F887D49}.Release|iPhoneSimulator.Deploy.0 = Release|Any CPU
		{92FF0CB7-A1D7-4E99-859D-1DFEA375DEA9}.Debug|Any CPU.ActiveCfg = Debug|iPhone
		{92FF0CB7-A1D7-4E99-859D-1DFEA375DEA9}.Debug|Any CPU.Build.0 = Debug|iPhone
		{92FF0CB7-A1D7-4E99-859D-1DFEA375DEA9}.Debug|Any CPU.Deploy.0 = Debug|iPhone
		{92FF0CB7-A1D7-4E99-859D-1DFEA375DEA9}.Debug|iPhone.ActiveCfg = Debug|iPhone
		{92FF0CB7-A1D7-4E99-859D-1DFEA375DEA9}.Debug|iPhone.Build.0 = Debug|iPhone
		{92FF0CB7-A1D7-4E99-859D-1DFEA375DEA9}.Debug|iPhone.Deploy.0 = Debug|iPhone
		{92FF0CB7-A1D7-4E99-859D-1DFEA375DEA9}.Debug|iPhoneSimulator.ActiveCfg = Debug|iPhoneSimulator
		{92FF0CB7-A1D7-4E99-859D-1DFEA375DEA9}.Debug|iPhoneSimulator.Build.0 = Debug|iPhoneSimulator
		{92FF0CB7-A1D7-4E99-859D-1DFEA375DEA9}.Debug|iPhoneSimulator.Deploy.0 = Debug|iPhoneSimulator
		{92FF0CB7-A1D7-4E99-859D-1DFEA375DEA9}.Release|Any CPU.ActiveCfg = Release|iPhoneSimulator
		{92FF0CB7-A1D7-4E99-859D-1DFEA375DEA9}.Release|Any CPU.Build.0 = Release|iPhoneSimulator
		{92FF0CB7-A1D7-4E99-859D-1DFEA375DEA9}.Release|Any CPU.Deploy.0 = Release|iPhoneSimulator
		{92FF0CB7-A1D7-4E99-859D-1DFEA375DEA9}.Release|iPhone.ActiveCfg = Release|iPhone
		{92FF0CB7-A1D7-4E99-859D-1DFEA375DEA9}.Release|iPhone.Build.0 = Release|iPhone
		{92FF0CB7-A1D7-4E99-859D-1DFEA375DEA9}.Release|iPhone.Deploy.0 = Release|iPhone
		{92FF0CB7-A1D7-4E99-859D-1DFEA375DEA9}.Release|iPhoneSimulator.ActiveCfg = Release|iPhoneSimulator
		{92FF0CB7-A1D7-4E99-859D-1DFEA375DEA9}.Release|iPhoneSimulator.Build.0 = Release|iPhoneSimulator
		{92FF0CB7-A1D7-4E99-859D-1DFEA375DEA9}.Release|iPhoneSimulator.Deploy.0 = Release|iPhoneSimulator
		{A6D2EC92-D019-4244-A5A1-EC4D959F7188}.Debug|Any CPU.ActiveCfg = Debug|Any CPU
		{A6D2EC92-D019-4244-A5A1-EC4D959F7188}.Debug|Any CPU.Build.0 = Debug|Any CPU
		{A6D2EC92-D019-4244-A5A1-EC4D959F7188}.Debug|Any CPU.Deploy.0 = Debug|Any CPU
		{A6D2EC92-D019-4244-A5A1-EC4D959F7188}.Debug|iPhone.ActiveCfg = Debug|Any CPU
		{A6D2EC92-D019-4244-A5A1-EC4D959F7188}.Debug|iPhone.Build.0 = Debug|Any CPU
		{A6D2EC92-D019-4244-A5A1-EC4D959F7188}.Debug|iPhone.Deploy.0 = Debug|Any CPU
		{A6D2EC92-D019-4244-A5A1-EC4D959F7188}.Debug|iPhoneSimulator.ActiveCfg = Debug|Any CPU
		{A6D2EC92-D019-4244-A5A1-EC4D959F7188}.Debug|iPhoneSimulator.Build.0 = Debug|Any CPU
		{A6D2EC92-D019-4244-A5A1-EC4D959F7188}.Debug|iPhoneSimulator.Deploy.0 = Debug|Any CPU
		{A6D2EC92-D019-4244-A5A1-EC4D959F7188}.Release|Any CPU.ActiveCfg = Release|Any CPU
		{A6D2EC92-D019-4244-A5A1-EC4D959F7188}.Release|Any CPU.Build.0 = Release|Any CPU
		{A6D2EC92-D019-4244-A5A1-EC4D959F7188}.Release|Any CPU.Deploy.0 = Release|Any CPU
		{A6D2EC92-D019-4244-A5A1-EC4D959F7188}.Release|iPhone.ActiveCfg = Release|Any CPU
		{A6D2EC92-D019-4244-A5A1-EC4D959F7188}.Release|iPhone.Build.0 = Release|Any CPU
		{A6D2EC92-D019-4244-A5A1-EC4D959F7188}.Release|iPhone.Deploy.0 = Release|Any CPU
		{A6D2EC92-D019-4244-A5A1-EC4D959F7188}.Release|iPhoneSimulator.ActiveCfg = Release|Any CPU
		{A6D2EC92-D019-4244-A5A1-EC4D959F7188}.Release|iPhoneSimulator.Build.0 = Release|Any CPU
		{A6D2EC92-D019-4244-A5A1-EC4D959F7188}.Release|iPhoneSimulator.Deploy.0 = Release|Any CPU
	EndGlobalSection
	GlobalSection(SolutionProperties) = preSolution
		HideSolutionNode = FALSE
	EndGlobalSection
	GlobalSection(ExtensibilityGlobals) = postSolution
		SolutionGuid = {D3EB5396-3C09-482A-AF08-496B25DB24C4}
	EndGlobalSection
EndGlobal
