
Microsoft Visual Studio Solution File, Format Version 12.00
# Visual Studio Version 16
VisualStudioVersion = 16.0.32002.261
MinimumVisualStudioVersion = 10.0.40219.1
Project("{FAE04EC0-301F-11D3-BF4B-00C04F79EFBC}") = "webloginapp", "webloginapp.csproj", "{53A33570-2A3E-4929-8416-DA65F32AE9BC}"
EndProject
Global
	GlobalSection(SolutionConfigurationPlatforms) = preSolution
		Debug|Any CPU = Debug|Any CPU
		Release|Any CPU = Release|Any CPU
	EndGlobalSection
	GlobalSection(ProjectConfigurationPlatforms) = postSolution
		{53A33570-2A3E-4929-8416-DA65F32AE9BC}.Debug|Any CPU.ActiveCfg = Debug|Any CPU
		{53A33570-2A3E-4929-8416-DA65F32AE9BC}.Debug|Any CPU.Build.0 = Debug|Any CPU
		{53A33570-2A3E-4929-8416-DA65F32AE9BC}.Release|Any CPU.ActiveCfg = Release|Any CPU
		{53A33570-2A3E-4929-8416-DA65F32AE9BC}.Release|Any CPU.Build.0 = Release|Any CPU
	EndGlobalSection
	GlobalSection(SolutionProperties) = preSolution
		HideSolutionNode = FALSE
	EndGlobalSection
	GlobalSection(ExtensibilityGlobals) = postSolution
		SolutionGuid = {8FF17D3B-986C-4AD0-984D-7E438560025D}
	EndGlobalSection
EndGlobal
